// !$*UTF8*$!
{
	archiveVersion = 1;
	classes = {
	};
	objectVersion = 46;
	objects = {

/* Begin PBXBuildFile section */
		8381A8822032B24400FB9DC9 /* AppDelegate.swift in Sources */ = {isa = PBXBuildFile; fileRef = 8381A8812032B24400FB9DC9 /* AppDelegate.swift */; };
		8381A8842032B24400FB9DC9 /* ViewController.swift in Sources */ = {isa = PBXBuildFile; fileRef = 8381A8832032B24400FB9DC9 /* ViewController.swift */; };
		8381A8872032B24400FB9DC9 /* Main.storyboard in Resources */ = {isa = PBXBuildFile; fileRef = 8381A8852032B24400FB9DC9 /* Main.storyboard */; };
		8381A8892032B24400FB9DC9 /* Assets.xcassets in Resources */ = {isa = PBXBuildFile; fileRef = 8381A8882032B24400FB9DC9 /* Assets.xcassets */; };
		8381A88C2032B24400FB9DC9 /* LaunchScreen.storyboard in Resources */ = {isa = PBXBuildFile; fileRef = 8381A88A2032B24400FB9DC9 /* LaunchScreen.storyboard */; };
		8381A8972032B24400FB9DC9 /* SaveTheKittensExceptTheHairlessOnesTests.swift in Sources */ = {isa = PBXBuildFile; fileRef = 8381A8962032B24400FB9DC9 /* SaveTheKittensExceptTheHairlessOnesTests.swift */; };
		8381A8A22032B24400FB9DC9 /* SaveTheKittensExceptTheHairlessOnesUITests.swift in Sources */ = {isa = PBXBuildFile; fileRef = 8381A8A12032B24400FB9DC9 /* SaveTheKittensExceptTheHairlessOnesUITests.swift */; };
/* End PBXBuildFile section */

/* Begin PBXContainerItemProxy section */
		8381A8932032B24400FB9DC9 /* PBXContainerItemProxy */ = {
			isa = PBXContainerItemProxy;
			containerPortal = 8381A8762032B24300FB9DC9 /* Project object */;
			proxyType = 1;
			remoteGlobalIDString = 8381A87D2032B24300FB9DC9;
			remoteInfo = SaveTheKittensExceptTheHairlessOnes;
		};
		8381A89E2032B24400FB9DC9 /* PBXContainerItemProxy */ = {
			isa = PBXContainerItemProxy;
			containerPortal = 8381A8762032B24300FB9DC9 /* Project object */;
			proxyType = 1;
			remoteGlobalIDString = 8381A87D2032B24300FB9DC9;
			remoteInfo = SaveTheKittensExceptTheHairlessOnes;
		};
/* End PBXContainerItemProxy section */

/* Begin PBXFileReference section */
		8381A87E2032B24400FB9DC9 /* SaveTheKittensExceptTheHairlessOnes.app */ = {isa = PBXFileReference; explicitFileType = wrapper.application; includeInIndex = 0; path = SaveTheKittensExceptTheHairlessOnes.app; sourceTree = BUILT_PRODUCTS_DIR; };
		8381A8812032B24400FB9DC9 /* AppDelegate.swift */ = {isa = PBXFileReference; lastKnownFileType = sourcecode.swift; path = AppDelegate.swift; sourceTree = "<group>"; };
		8381A8832032B24400FB9DC9 /* ViewController.swift */ = {isa = PBXFileReference; lastKnownFileType = sourcecode.swift; path = ViewController.swift; sourceTree = "<group>"; };
		8381A8862032B24400FB9DC9 /* Base */ = {isa = PBXFileReference; lastKnownFileType = file.storyboard; name = Base; path = Base.lproj/Main.storyboard; sourceTree = "<group>"; };
		8381A8882032B24400FB9DC9 /* Assets.xcassets */ = {isa = PBXFileReference; lastKnownFileType = folder.assetcatalog; path = Assets.xcassets; sourceTree = "<group>"; };
		8381A88B2032B24400FB9DC9 /* Base */ = {isa = PBXFileReference; lastKnownFileType = file.storyboard; name = Base; path = Base.lproj/LaunchScreen.storyboard; sourceTree = "<group>"; };
		8381A88D2032B24400FB9DC9 /* Info.plist */ = {isa = PBXFileReference; lastKnownFileType = text.plist.xml; path = Info.plist; sourceTree = "<group>"; };
		8381A8922032B24400FB9DC9 /* SaveTheKittensExceptTheHairlessOnesTests.xctest */ = {isa = PBXFileReference; explicitFileType = wrapper.cfbundle; includeInIndex = 0; path = SaveTheKittensExceptTheHairlessOnesTests.xctest; sourceTree = BUILT_PRODUCTS_DIR; };
		8381A8962032B24400FB9DC9 /* SaveTheKittensExceptTheHairlessOnesTests.swift */ = {isa = PBXFileReference; lastKnownFileType = sourcecode.swift; path = SaveTheKittensExceptTheHairlessOnesTests.swift; sourceTree = "<group>"; };
		8381A8982032B24400FB9DC9 /* Info.plist */ = {isa = PBXFileReference; lastKnownFileType = text.plist.xml; path = Info.plist; sourceTree = "<group>"; };
		8381A89D2032B24400FB9DC9 /* SaveTheKittensExceptTheHairlessOnesUITests.xctest */ = {isa = PBXFileReference; explicitFileType = wrapper.cfbundle; includeInIndex = 0; path = SaveTheKittensExceptTheHairlessOnesUITests.xctest; sourceTree = BUILT_PRODUCTS_DIR; };
		8381A8A12032B24400FB9DC9 /* SaveTheKittensExceptTheHairlessOnesUITests.swift */ = {isa = PBXFileReference; lastKnownFileType = sourcecode.swift; path = SaveTheKittensExceptTheHairlessOnesUITests.swift; sourceTree = "<group>"; };
		8381A8A32032B24400FB9DC9 /* Info.plist */ = {isa = PBXFileReference; lastKnownFileType = text.plist.xml; path = Info.plist; sourceTree = "<group>"; };
/* End PBXFileReference section */

/* Begin PBXFrameworksBuildPhase section */
		8381A87B2032B24300FB9DC9 /* Frameworks */ = {
			isa = PBXFrameworksBuildPhase;
			buildActionMask = 2147483647;
			files = (
			);
			runOnlyForDeploymentPostprocessing = 0;
		};
		8381A88F2032B24400FB9DC9 /* Frameworks */ = {
			isa = PBXFrameworksBuildPhase;
			buildActionMask = 2147483647;
			files = (
			);
			runOnlyForDeploymentPostprocessing = 0;
		};
		8381A89A2032B24400FB9DC9 /* Frameworks */ = {
			isa = PBXFrameworksBuildPhase;
			buildActionMask = 2147483647;
			files = (
			);
			runOnlyForDeploymentPostprocessing = 0;
		};
/* End PBXFrameworksBuildPhase section */

/* Begin PBXGroup section */
		8381A8752032B24300FB9DC9 = {
			isa = PBXGroup;
			children = (
				8381A8802032B24400FB9DC9 /* SaveTheKittensExceptTheHairlessOnes */,
				8381A8952032B24400FB9DC9 /* SaveTheKittensExceptTheHairlessOnesTests */,
				8381A8A02032B24400FB9DC9 /* SaveTheKittensExceptTheHairlessOnesUITests */,
				8381A87F2032B24400FB9DC9 /* Products */,
			);
			sourceTree = "<group>";
		};
		8381A87F2032B24400FB9DC9 /* Products */ = {
			isa = PBXGroup;
			children = (
				8381A87E2032B24400FB9DC9 /* SaveTheKittensExceptTheHairlessOnes.app */,
				8381A8922032B24400FB9DC9 /* SaveTheKittensExceptTheHairlessOnesTests.xctest */,
				8381A89D2032B24400FB9DC9 /* SaveTheKittensExceptTheHairlessOnesUITests.xctest */,
			);
			name = Products;
			sourceTree = "<group>";
		};
		8381A8802032B24400FB9DC9 /* SaveTheKittensExceptTheHairlessOnes */ = {
			isa = PBXGroup;
			children = (
				8381A8812032B24400FB9DC9 /* AppDelegate.swift */,
				8381A8832032B24400FB9DC9 /* ViewController.swift */,
				8381A8852032B24400FB9DC9 /* Main.storyboard */,
				8381A8882032B24400FB9DC9 /* Assets.xcassets */,
				8381A88A2032B24400FB9DC9 /* LaunchScreen.storyboard */,
				8381A88D2032B24400FB9DC9 /* Info.plist */,
			);
			path = SaveTheKittensExceptTheHairlessOnes;
			sourceTree = "<group>";
		};
		8381A8952032B24400FB9DC9 /* SaveTheKittensExceptTheHairlessOnesTests */ = {
			isa = PBXGroup;
			children = (
				8381A8962032B24400FB9DC9 /* SaveTheKittensExceptTheHairlessOnesTests.swift */,
				8381A8982032B24400FB9DC9 /* Info.plist */,
			);
			path = SaveTheKittensExceptTheHairlessOnesTests;
			sourceTree = "<group>";
		};
		8381A8A02032B24400FB9DC9 /* SaveTheKittensExceptTheHairlessOnesUITests */ = {
			isa = PBXGroup;
			children = (
				8381A8A12032B24400FB9DC9 /* SaveTheKittensExceptTheHairlessOnesUITests.swift */,
				8381A8A32032B24400FB9DC9 /* Info.plist */,
			);
			path = SaveTheKittensExceptTheHairlessOnesUITests;
			sourceTree = "<group>";
		};
/* End PBXGroup section */

/* Begin PBXNativeTarget section */
		8381A87D2032B24300FB9DC9 /* SaveTheKittensExceptTheHairlessOnes */ = {
			isa = PBXNativeTarget;
			buildConfigurationList = 8381A8A62032B24400FB9DC9 /* Build configuration list for PBXNativeTarget "SaveTheKittensExceptTheHairlessOnes" */;
			buildPhases = (
				8381A87A2032B24300FB9DC9 /* Sources */,
				8381A87B2032B24300FB9DC9 /* Frameworks */,
				8381A87C2032B24300FB9DC9 /* Resources */,
			);
			buildRules = (
			);
			dependencies = (
			);
			name = SaveTheKittensExceptTheHairlessOnes;
			productName = SaveTheKittensExceptTheHairlessOnes;
			productReference = 8381A87E2032B24400FB9DC9 /* SaveTheKittensExceptTheHairlessOnes.app */;
			productType = "com.apple.product-type.application";
		};
		8381A8912032B24400FB9DC9 /* SaveTheKittensExceptTheHairlessOnesTests */ = {
			isa = PBXNativeTarget;
			buildConfigurationList = 8381A8A92032B24400FB9DC9 /* Build configuration list for PBXNativeTarget "SaveTheKittensExceptTheHairlessOnesTests" */;
			buildPhases = (
				8381A88E2032B24400FB9DC9 /* Sources */,
				8381A88F2032B24400FB9DC9 /* Frameworks */,
				8381A8902032B24400FB9DC9 /* Resources */,
			);
			buildRules = (
			);
			dependencies = (
				8381A8942032B24400FB9DC9 /* PBXTargetDependency */,
			);
			name = SaveTheKittensExceptTheHairlessOnesTests;
			productName = SaveTheKittensExceptTheHairlessOnesTests;
			productReference = 8381A8922032B24400FB9DC9 /* SaveTheKittensExceptTheHairlessOnesTests.xctest */;
			productType = "com.apple.product-type.bundle.unit-test";
		};
		8381A89C2032B24400FB9DC9 /* SaveTheKittensExceptTheHairlessOnesUITests */ = {
			isa = PBXNativeTarget;
			buildConfigurationList = 8381A8AC2032B24400FB9DC9 /* Build configuration list for PBXNativeTarget "SaveTheKittensExceptTheHairlessOnesUITests" */;
			buildPhases = (
				8381A8992032B24400FB9DC9 /* Sources */,
				8381A89A2032B24400FB9DC9 /* Frameworks */,
				8381A89B2032B24400FB9DC9 /* Resources */,
			);
			buildRules = (
			);
			dependencies = (
				8381A89F2032B24400FB9DC9 /* PBXTargetDependency */,
			);
			name = SaveTheKittensExceptTheHairlessOnesUITests;
			productName = SaveTheKittensExceptTheHairlessOnesUITests;
			productReference = 8381A89D2032B24400FB9DC9 /* SaveTheKittensExceptTheHairlessOnesUITests.xctest */;
			productType = "com.apple.product-type.bundle.ui-testing";
		};
/* End PBXNativeTarget section */

/* Begin PBXProject section */
		8381A8762032B24300FB9DC9 /* Project object */ = {
			isa = PBXProject;
			attributes = {
				LastSwiftUpdateCheck = 0800;
				LastUpgradeCheck = 0800;
				ORGANIZATIONNAME = "Kiwami Livingston";
				TargetAttributes = {
					8381A87D2032B24300FB9DC9 = {
						CreatedOnToolsVersion = 8.0;
						ProvisioningStyle = Automatic;
					};
					8381A8912032B24400FB9DC9 = {
						CreatedOnToolsVersion = 8.0;
						ProvisioningStyle = Automatic;
						TestTargetID = 8381A87D2032B24300FB9DC9;
					};
					8381A89C2032B24400FB9DC9 = {
						CreatedOnToolsVersion = 8.0;
						ProvisioningStyle = Automatic;
						TestTargetID = 8381A87D2032B24300FB9DC9;
					};
				};
			};
			buildConfigurationList = 8381A8792032B24300FB9DC9 /* Build configuration list for PBXProject "SaveTheKittensExceptTheHairlessOnes" */;
			compatibilityVersion = "Xcode 3.2";
			developmentRegion = English;
			hasScannedForEncodings = 0;
			knownRegions = (
				en,
				Base,
			);
			mainGroup = 8381A8752032B24300FB9DC9;
			productRefGroup = 8381A87F2032B24400FB9DC9 /* Products */;
			projectDirPath = "";
			projectRoot = "";
			targets = (
				8381A87D2032B24300FB9DC9 /* SaveTheKittensExceptTheHairlessOnes */,
				8381A8912032B24400FB9DC9 /* SaveTheKittensExceptTheHairlessOnesTests */,
				8381A89C2032B24400FB9DC9 /* SaveTheKittensExceptTheHairlessOnesUITests */,
			);
		};
/* End PBXProject section */

/* Begin PBXResourcesBuildPhase section */
		8381A87C2032B24300FB9DC9 /* Resources */ = {
			isa = PBXResourcesBuildPhase;
			buildActionMask = 2147483647;
			files = (
				8381A88C2032B24400FB9DC9 /* LaunchScreen.storyboard in Resources */,
				8381A8892032B24400FB9DC9 /* Assets.xcassets in Resources */,
				8381A8872032B24400FB9DC9 /* Main.storyboard in Resources */,
			);
			runOnlyForDeploymentPostprocessing = 0;
		};
		8381A8902032B24400FB9DC9 /* Resources */ = {
			isa = PBXResourcesBuildPhase;
			buildActionMask = 2147483647;
			files = (
			);
			runOnlyForDeploymentPostprocessing = 0;
		};
		8381A89B2032B24400FB9DC9 /* Resources */ = {
			isa = PBXResourcesBuildPhase;
			buildActionMask = 2147483647;
			files = (
			);
			runOnlyForDeploymentPostprocessing = 0;
		};
/* End PBXResourcesBuildPhase section */

/* Begin PBXSourcesBuildPhase section */
		8381A87A2032B24300FB9DC9 /* Sources */ = {
			isa = PBXSourcesBuildPhase;
			buildActionMask = 2147483647;
			files = (
				8381A8842032B24400FB9DC9 /* ViewController.swift in Sources */,
				8381A8822032B24400FB9DC9 /* AppDelegate.swift in Sources */,
			);
			runOnlyForDeploymentPostprocessing = 0;
		};
		8381A88E2032B24400FB9DC9 /* Sources */ = {
			isa = PBXSourcesBuildPhase;
			buildActionMask = 2147483647;
			files = (
				8381A8972032B24400FB9DC9 /* SaveTheKittensExceptTheHairlessOnesTests.swift in Sources */,
			);
			runOnlyForDeploymentPostprocessing = 0;
		};
		8381A8992032B24400FB9DC9 /* Sources */ = {
			isa = PBXSourcesBuildPhase;
			buildActionMask = 2147483647;
			files = (
				8381A8A22032B24400FB9DC9 /* SaveTheKittensExceptTheHairlessOnesUITests.swift in Sources */,
			);
			runOnlyForDeploymentPostprocessing = 0;
		};
/* End PBXSourcesBuildPhase section */

/* Begin PBXTargetDependency section */
		8381A8942032B24400FB9DC9 /* PBXTargetDependency */ = {
			isa = PBXTargetDependency;
			target = 8381A87D2032B24300FB9DC9 /* SaveTheKittensExceptTheHairlessOnes */;
			targetProxy = 8381A8932032B24400FB9DC9 /* PBXContainerItemProxy */;
		};
		8381A89F2032B24400FB9DC9 /* PBXTargetDependency */ = {
			isa = PBXTargetDependency;
			target = 8381A87D2032B24300FB9DC9 /* SaveTheKittensExceptTheHairlessOnes */;
			targetProxy = 8381A89E2032B24400FB9DC9 /* PBXContainerItemProxy */;
		};
/* End PBXTargetDependency section */

/* Begin PBXVariantGroup section */
		8381A8852032B24400FB9DC9 /* Main.storyboard */ = {
			isa = PBXVariantGroup;
			children = (
				8381A8862032B24400FB9DC9 /* Base */,
			);
			name = Main.storyboard;
			sourceTree = "<group>";
		};
		8381A88A2032B24400FB9DC9 /* LaunchScreen.storyboard */ = {
			isa = PBXVariantGroup;
			children = (
				8381A88B2032B24400FB9DC9 /* Base */,
			);
			name = LaunchScreen.storyboard;
			sourceTree = "<group>";
		};
/* End PBXVariantGroup section */

/* Begin XCBuildConfiguration section */
		8381A8A42032B24400FB9DC9 /* Debug */ = {
			isa = XCBuildConfiguration;
			buildSettings = {
				ALWAYS_SEARCH_USER_PATHS = NO;
				CLANG_ANALYZER_NONNULL = YES;
				CLANG_CXX_LANGUAGE_STANDARD = "gnu++0x";
				CLANG_CXX_LIBRARY = "libc++";
				CLANG_ENABLE_MODULES = YES;
				CLANG_ENABLE_OBJC_ARC = YES;
				CLANG_WARN_BOOL_CONVERSION = YES;
				CLANG_WARN_CONSTANT_CONVERSION = YES;
				CLANG_WARN_DIRECT_OBJC_ISA_USAGE = YES_ERROR;
				CLANG_WARN_DOCUMENTATION_COMMENTS = YES;
				CLANG_WARN_EMPTY_BODY = YES;
				CLANG_WARN_ENUM_CONVERSION = YES;
				CLANG_WARN_INFINITE_RECURSION = YES;
				CLANG_WARN_INT_CONVERSION = YES;
				CLANG_WARN_OBJC_ROOT_CLASS = YES_ERROR;
				CLANG_WARN_SUSPICIOUS_MOVES = YES;
				CLANG_WARN_UNREACHABLE_CODE = YES;
				CLANG_WARN__DUPLICATE_METHOD_MATCH = YES;
				"CODE_SIGN_IDENTITY[sdk=iphoneos*]" = "iPhone Developer";
				COPY_PHASE_STRIP = NO;
				DEBUG_INFORMATION_FORMAT = dwarf;
				ENABLE_STRICT_OBJC_MSGSEND = YES;
				ENABLE_TESTABILITY = YES;
				GCC_C_LANGUAGE_STANDARD = gnu99;
				GCC_DYNAMIC_NO_PIC = NO;
				GCC_NO_COMMON_BLOCKS = YES;
				GCC_OPTIMIZATION_LEVEL = 0;
				GCC_PREPROCESSOR_DEFINITIONS = (
					"DEBUG=1",
					"$(inherited)",
				);
				GCC_WARN_64_TO_32_BIT_CONVERSION = YES;
				GCC_WARN_ABOUT_RETURN_TYPE = YES_ERROR;
				GCC_WARN_UNDECLARED_SELECTOR = YES;
				GCC_WARN_UNINITIALIZED_AUTOS = YES_AGGRESSIVE;
				GCC_WARN_UNUSED_FUNCTION = YES;
				GCC_WARN_UNUSED_VARIABLE = YES;
				IPHONEOS_DEPLOYMENT_TARGET = 10.0;
				MTL_ENABLE_DEBUG_INFO = YES;
				ONLY_ACTIVE_ARCH = YES;
				SDKROOT = iphoneos;
				SWIFT_ACTIVE_COMPILATION_CONDITIONS = DEBUG;
				SWIFT_OPTIMIZATION_LEVEL = "-Onone";
				TARGETED_DEVICE_FAMILY = "1,2";
			};
			name = Debug;
		};
		8381A8A52032B24400FB9DC9 /* Release */ = {
			isa = XCBuildConfiguration;
			buildSettings = {
				ALWAYS_SEARCH_USER_PATHS = NO;
				CLANG_ANALYZER_NONNULL = YES;
				CLANG_CXX_LANGUAGE_STANDARD = "gnu++0x";
				CLANG_CXX_LIBRARY = "libc++";
				CLANG_ENABLE_MODULES = YES;
				CLANG_ENABLE_OBJC_ARC = YES;
				CLANG_WARN_BOOL_CONVERSION = YES;
				CLANG_WARN_CONSTANT_CONVERSION = YES;
				CLANG_WARN_DIRECT_OBJC_ISA_USAGE = YES_ERROR;
				CLANG_WARN_DOCUMENTATION_COMMENTS = YES;
				CLANG_WARN_EMPTY_BODY = YES;
				CLANG_WARN_ENUM_CONVERSION = YES;
				CLANG_WARN_INFINITE_RECURSION = YES;
				CLANG_WARN_INT_CONVERSION = YES;
				CLANG_WARN_OBJC_ROOT_CLASS = YES_ERROR;
				CLANG_WARN_SUSPICIOUS_MOVES = YES;
				CLANG_WARN_UNREACHABLE_CODE = YES;
				CLANG_WARN__DUPLICATE_METHOD_MATCH = YES;
				"CODE_SIGN_IDENTITY[sdk=iphoneos*]" = "iPhone Developer";
				COPY_PHASE_STRIP = NO;
				DEBUG_INFORMATION_FORMAT = "dwarf-with-dsym";
				ENABLE_NS_ASSERTIONS = NO;
				ENABLE_STRICT_OBJC_MSGSEND = YES;
				GCC_C_LANGUAGE_STANDARD = gnu99;
				GCC_NO_COMMON_BLOCKS = YES;
				GCC_WARN_64_TO_32_BIT_CONVERSION = YES;
				GCC_WARN_ABOUT_RETURN_TYPE = YES_ERROR;
				GCC_WARN_UNDECLARED_SELECTOR = YES;
				GCC_WARN_UNINITIALIZED_AUTOS = YES_AGGRESSIVE;
				GCC_WARN_UNUSED_FUNCTION = YES;
				GCC_WARN_UNUSED_VARIABLE = YES;
				IPHONEOS_DEPLOYMENT_TARGET = 10.0;
				MTL_ENABLE_DEBUG_INFO = NO;
				SDKROOT = iphoneos;
				SWIFT_OPTIMIZATION_LEVEL = "-Owholemodule";
				TARGETED_DEVICE_FAMILY = "1,2";
				VALIDATE_PRODUCT = YES;
			};
			name = Release;
		};
		8381A8A72032B24400FB9DC9 /* Debug */ = {
			isa = XCBuildConfiguration;
			buildSettings = {
				ASSETCATALOG_COMPILER_APPICON_NAME = AppIcon;
				INFOPLIST_FILE = SaveTheKittensExceptTheHairlessOnes/Info.plist;
				LD_RUNPATH_SEARCH_PATHS = "$(inherited) @executable_path/Frameworks";
				PRODUCT_BUNDLE_IDENTIFIER = b1.SaveTheKittensExceptTheHairlessOnes;
				PRODUCT_NAME = "$(TARGET_NAME)";
				SWIFT_VERSION = 3.0;
			};
			name = Debug;
		};
		8381A8A82032B24400FB9DC9 /* Release */ = {
			isa = XCBuildConfiguration;
			buildSettings = {
				ASSETCATALOG_COMPILER_APPICON_NAME = AppIcon;
				INFOPLIST_FILE = SaveTheKittensExceptTheHairlessOnes/Info.plist;
				LD_RUNPATH_SEARCH_PATHS = "$(inherited) @executable_path/Frameworks";
				PRODUCT_BUNDLE_IDENTIFIER = b1.SaveTheKittensExceptTheHairlessOnes;
				PRODUCT_NAME = "$(TARGET_NAME)";
				SWIFT_VERSION = 3.0;
			};
			name = Release;
		};
		8381A8AA2032B24400FB9DC9 /* Debug */ = {
			isa = XCBuildConfiguration;
			buildSettings = {
				ALWAYS_EMBED_SWIFT_STANDARD_LIBRARIES = YES;
				BUNDLE_LOADER = "$(TEST_HOST)";
				INFOPLIST_FILE = SaveTheKittensExceptTheHairlessOnesTests/Info.plist;
				LD_RUNPATH_SEARCH_PATHS = "$(inherited) @executable_path/Frameworks @loader_path/Frameworks";
				PRODUCT_BUNDLE_IDENTIFIER = b1.SaveTheKittensExceptTheHairlessOnesTests;
				PRODUCT_NAME = "$(TARGET_NAME)";
				SWIFT_VERSION = 3.0;
				TEST_HOST = "$(BUILT_PRODUCTS_DIR)/SaveTheKittensExceptTheHairlessOnes.app/SaveTheKittensExceptTheHairlessOnes";
			};
			name = Debug;
		};
		8381A8AB2032B24400FB9DC9 /* Release */ = {
			isa = XCBuildConfiguration;
			buildSettings = {
				ALWAYS_EMBED_SWIFT_STANDARD_LIBRARIES = YES;
				BUNDLE_LOADER = "$(TEST_HOST)";
				INFOPLIST_FILE = SaveTheKittensExceptTheHairlessOnesTests/Info.plist;
				LD_RUNPATH_SEARCH_PATHS = "$(inherited) @executable_path/Frameworks @loader_path/Frameworks";
				PRODUCT_BUNDLE_IDENTIFIER = b1.SaveTheKittensExceptTheHairlessOnesTests;
				PRODUCT_NAME = "$(TARGET_NAME)";
				SWIFT_VERSION = 3.0;
				TEST_HOST = "$(BUILT_PRODUCTS_DIR)/SaveTheKittensExceptTheHairlessOnes.app/SaveTheKittensExceptTheHairlessOnes";
			};
			name = Release;
		};
		8381A8AD2032B24400FB9DC9 /* Debug */ = {
			isa = XCBuildConfiguration;
			buildSettings = {
				ALWAYS_EMBED_SWIFT_STANDARD_LIBRARIES = YES;
				INFOPLIST_FILE = SaveTheKittensExceptTheHairlessOnesUITests/Info.plist;
				LD_RUNPATH_SEARCH_PATHS = "$(inherited) @executable_path/Frameworks @loader_path/Frameworks";
				PRODUCT_BUNDLE_IDENTIFIER = b1.SaveTheKittensExceptTheHairlessOnesUITests;
				PRODUCT_NAME = "$(TARGET_NAME)";
				SWIFT_VERSION = 3.0;
				TEST_TARGET_NAME = SaveTheKittensExceptTheHairlessOnes;
			};
			name = Debug;
		};
		8381A8AE2032B24400FB9DC9 /* Release */ = {
			isa = XCBuildConfiguration;
			buildSettings = {
				ALWAYS_EMBED_SWIFT_STANDARD_LIBRARIES = YES;
				INFOPLIST_FILE = SaveTheKittensExceptTheHairlessOnesUITests/Info.plist;
				LD_RUNPATH_SEARCH_PATHS = "$(inherited) @executable_path/Frameworks @loader_path/Frameworks";
				PRODUCT_BUNDLE_IDENTIFIER = b1.SaveTheKittensExceptTheHairlessOnesUITests;
				PRODUCT_NAME = "$(TARGET_NAME)";
				SWIFT_VERSION = 3.0;
				TEST_TARGET_NAME = SaveTheKittensExceptTheHairlessOnes;
			};
			name = Release;
		};
/* End XCBuildConfiguration section */

/* Begin XCConfigurationList section */
		8381A8792032B24300FB9DC9 /* Build configuration list for PBXProject "SaveTheKittensExceptTheHairlessOnes" */ = {
			isa = XCConfigurationList;
			buildConfigurations = (
				8381A8A42032B24400FB9DC9 /* Debug */,
				8381A8A52032B24400FB9DC9 /* Release */,
			);
			defaultConfigurationIsVisible = 0;
			defaultConfigurationName = Release;
		};
		8381A8A62032B24400FB9DC9 /* Build configuration list for PBXNativeTarget "SaveTheKittensExceptTheHairlessOnes" */ = {
			isa = XCConfigurationList;
			buildConfigurations = (
				8381A8A72032B24400FB9DC9 /* Debug */,
				8381A8A82032B24400FB9DC9 /* Release */,
			);
			defaultConfigurationIsVisible = 0;
		};
		8381A8A92032B24400FB9DC9 /* Build configuration list for PBXNativeTarget "SaveTheKittensExceptTheHairlessOnesTests" */ = {
			isa = XCConfigurationList;
			buildConfigurations = (
				8381A8AA2032B24400FB9DC9 /* Debug */,
				8381A8AB2032B24400FB9DC9 /* Release */,
			);
			defaultConfigurationIsVisible = 0;
		};
		8381A8AC2032B24400FB9DC9 /* Build configuration list for PBXNativeTarget "SaveTheKittensExceptTheHairlessOnesUITests" */ = {
			isa = XCConfigurationList;
			buildConfigurations = (
				8381A8AD2032B24400FB9DC9 /* Debug */,
				8381A8AE2032B24400FB9DC9 /* Release */,
			);
			defaultConfigurationIsVisible = 0;
		};
/* End XCConfigurationList section */
	};
	rootObject = 8381A8762032B24300FB9DC9 /* Project object */;
}
